
Microsoft Visual Studio Solution File, Format Version 12.00
# Visual Studio Version 17
VisualStudioVersion = 17.4.33205.214
MinimumVisualStudioVersion = 10.0.40219.1
Project("{FAE04EC0-301F-11D3-BF4B-00C04F79EFBC}") = "IndividuelltProjekt", "IndividuelltProjekt\IndividuelltProjekt.csproj", "{361362F3-E06F-439F-BB6B-E779E3CA5CB6}"
EndProject
Global
	GlobalSection(SolutionConfigurationPlatforms) = preSolution
		Debug|Any CPU = Debug|Any CPU
		Release|Any CPU = Release|Any CPU
	EndGlobalSection
	GlobalSection(ProjectConfigurationPlatforms) = postSolution
		{361362F3-E06F-439F-BB6B-E779E3CA5CB6}.Debug|Any CPU.ActiveCfg = Debug|Any CPU
		{361362F3-E06F-439F-BB6B-E779E3CA5CB6}.Debug|Any CPU.Build.0 = Debug|Any CPU
		{361362F3-E06F-439F-BB6B-E779E3CA5CB6}.Release|Any CPU.ActiveCfg = Release|Any CPU
		{361362F3-E06F-439F-BB6B-E779E3CA5CB6}.Release|Any CPU.Build.0 = Release|Any CPU
	EndGlobalSection
	GlobalSection(SolutionProperties) = preSolution
		HideSolutionNode = FALSE
	EndGlobalSection
	GlobalSection(ExtensibilityGlobals) = postSolution
		SolutionGuid = {4ABB5985-9D01-407B-84CA-B87E73B95492}
	EndGlobalSection
EndGlobal
